// !$*UTF8*$!
{
	archiveVersion = 1;
	classes = {
	};
	objectVersion = 46;
	objects = {

/* Begin PBXBuildFile section */
		4A661ADC1A742E1B0022CC69 /* AppDelegate.swift in Sources */ = {isa = PBXBuildFile; fileRef = 4A661ADB1A742E1B0022CC69 /* AppDelegate.swift */; };
		4A661ADE1A742E1B0022CC69 /* ViewController.swift in Sources */ = {isa = PBXBuildFile; fileRef = 4A661ADD1A742E1B0022CC69 /* ViewController.swift */; };
		4A661AE01A742E1B0022CC69 /* Images.xcassets in Resources */ = {isa = PBXBuildFile; fileRef = 4A661ADF1A742E1B0022CC69 /* Images.xcassets */; };
		4A661AE31A742E1C0022CC69 /* Main.storyboard in Resources */ = {isa = PBXBuildFile; fileRef = 4A661AE11A742E1C0022CC69 /* Main.storyboard */; };
		4A661AEF1A742E1C0022CC69 /* TesseMacTests.swift in Sources */ = {isa = PBXBuildFile; fileRef = 4A661AEE1A742E1C0022CC69 /* TesseMacTests.swift */; };
/* End PBXBuildFile section */

/* Begin PBXContainerItemProxy section */
		4A661AE91A742E1C0022CC69 /* PBXContainerItemProxy */ = {
			isa = PBXContainerItemProxy;
			containerPortal = 4A661ACE1A742E1B0022CC69 /* Project object */;
			proxyType = 1;
			remoteGlobalIDString = 4A661AD51A742E1B0022CC69;
			remoteInfo = TesseMac;
		};
/* End PBXContainerItemProxy section */

/* Begin PBXFileReference section */
		4A661AD61A742E1B0022CC69 /* TesseMac.app */ = {isa = PBXFileReference; explicitFileType = wrapper.application; includeInIndex = 0; path = TesseMac.app; sourceTree = BUILT_PRODUCTS_DIR; };
		4A661ADA1A742E1B0022CC69 /* Info.plist */ = {isa = PBXFileReference; lastKnownFileType = text.plist.xml; path = Info.plist; sourceTree = "<group>"; };
		4A661ADB1A742E1B0022CC69 /* AppDelegate.swift */ = {isa = PBXFileReference; lastKnownFileType = sourcecode.swift; path = AppDelegate.swift; sourceTree = "<group>"; };
		4A661ADD1A742E1B0022CC69 /* ViewController.swift */ = {isa = PBXFileReference; lastKnownFileType = sourcecode.swift; path = ViewController.swift; sourceTree = "<group>"; };
		4A661ADF1A742E1B0022CC69 /* Images.xcassets */ = {isa = PBXFileReference; lastKnownFileType = folder.assetcatalog; path = Images.xcassets; sourceTree = "<group>"; };
		4A661AE21A742E1C0022CC69 /* Base */ = {isa = PBXFileReference; lastKnownFileType = file.storyboard; name = Base; path = Base.lproj/Main.storyboard; sourceTree = "<group>"; };
		4A661AE81A742E1C0022CC69 /* TesseMacTests.xctest */ = {isa = PBXFileReference; explicitFileType = wrapper.cfbundle; includeInIndex = 0; path = TesseMacTests.xctest; sourceTree = BUILT_PRODUCTS_DIR; };
		4A661AED1A742E1C0022CC69 /* Info.plist */ = {isa = PBXFileReference; lastKnownFileType = text.plist.xml; path = Info.plist; sourceTree = "<group>"; };
		4A661AEE1A742E1C0022CC69 /* TesseMacTests.swift */ = {isa = PBXFileReference; lastKnownFileType = sourcecode.swift; path = TesseMacTests.swift; sourceTree = "<group>"; };
/* End PBXFileReference section */

/* Begin PBXFrameworksBuildPhase section */
		4A661AD31A742E1B0022CC69 /* Frameworks */ = {
			isa = PBXFrameworksBuildPhase;
			buildActionMask = 2147483647;
			files = (
			);
			runOnlyForDeploymentPostprocessing = 0;
		};
		4A661AE51A742E1C0022CC69 /* Frameworks */ = {
			isa = PBXFrameworksBuildPhase;
			buildActionMask = 2147483647;
			files = (
			);
			runOnlyForDeploymentPostprocessing = 0;
		};
/* End PBXFrameworksBuildPhase section */

/* Begin PBXGroup section */
		4A661ACD1A742E1B0022CC69 = {
			isa = PBXGroup;
			children = (
				4A661AD81A742E1B0022CC69 /* TesseMac */,
				4A661AEB1A742E1C0022CC69 /* TesseMacTests */,
				4A661AD71A742E1B0022CC69 /* Products */,
			);
			sourceTree = "<group>";
		};
		4A661AD71A742E1B0022CC69 /* Products */ = {
			isa = PBXGroup;
			children = (
				4A661AD61A742E1B0022CC69 /* TesseMac.app */,
				4A661AE81A742E1C0022CC69 /* TesseMacTests.xctest */,
			);
			name = Products;
			sourceTree = "<group>";
		};
		4A661AD81A742E1B0022CC69 /* TesseMac */ = {
			isa = PBXGroup;
			children = (
				4A661ADB1A742E1B0022CC69 /* AppDelegate.swift */,
				4A661ADD1A742E1B0022CC69 /* ViewController.swift */,
				4A661ADF1A742E1B0022CC69 /* Images.xcassets */,
				4A661AE11A742E1C0022CC69 /* Main.storyboard */,
				4A661AD91A742E1B0022CC69 /* Supporting Files */,
			);
			path = TesseMac;
			sourceTree = "<group>";
		};
		4A661AD91A742E1B0022CC69 /* Supporting Files */ = {
			isa = PBXGroup;
			children = (
				4A661ADA1A742E1B0022CC69 /* Info.plist */,
			);
			name = "Supporting Files";
			sourceTree = "<group>";
		};
		4A661AEB1A742E1C0022CC69 /* TesseMacTests */ = {
			isa = PBXGroup;
			children = (
				4A661AEE1A742E1C0022CC69 /* TesseMacTests.swift */,
				4A661AEC1A742E1C0022CC69 /* Supporting Files */,
			);
			path = TesseMacTests;
			sourceTree = "<group>";
		};
		4A661AEC1A742E1C0022CC69 /* Supporting Files */ = {
			isa = PBXGroup;
			children = (
				4A661AED1A742E1C0022CC69 /* Info.plist */,
			);
			name = "Supporting Files";
			sourceTree = "<group>";
		};
/* End PBXGroup section */

/* Begin PBXNativeTarget section */
		4A661AD51A742E1B0022CC69 /* TesseMac */ = {
			isa = PBXNativeTarget;
			buildConfigurationList = 4A661AF21A742E1C0022CC69 /* Build configuration list for PBXNativeTarget "TesseMac" */;
			buildPhases = (
				4A661AD21A742E1B0022CC69 /* Sources */,
				4A661AD31A742E1B0022CC69 /* Frameworks */,
				4A661AD41A742E1B0022CC69 /* Resources */,
			);
			buildRules = (
			);
			dependencies = (
			);
			name = TesseMac;
			productName = TesseMac;
			productReference = 4A661AD61A742E1B0022CC69 /* TesseMac.app */;
			productType = "com.apple.product-type.application";
		};
		4A661AE71A742E1C0022CC69 /* TesseMacTests */ = {
			isa = PBXNativeTarget;
			buildConfigurationList = 4A661AF51A742E1C0022CC69 /* Build configuration list for PBXNativeTarget "TesseMacTests" */;
			buildPhases = (
				4A661AE41A742E1C0022CC69 /* Sources */,
				4A661AE51A742E1C0022CC69 /* Frameworks */,
				4A661AE61A742E1C0022CC69 /* Resources */,
			);
			buildRules = (
			);
			dependencies = (
				4A661AEA1A742E1C0022CC69 /* PBXTargetDependency */,
			);
			name = TesseMacTests;
			productName = TesseMacTests;
			productReference = 4A661AE81A742E1C0022CC69 /* TesseMacTests.xctest */;
			productType = "com.apple.product-type.bundle.unit-test";
		};
/* End PBXNativeTarget section */

/* Begin PBXProject section */
		4A661ACE1A742E1B0022CC69 /* Project object */ = {
			isa = PBXProject;
			attributes = {
				LastUpgradeCheck = 0620;
				ORGANIZATIONNAME = "Harry Shamansky";
				TargetAttributes = {
					4A661AD51A742E1B0022CC69 = {
						CreatedOnToolsVersion = 6.2;
					};
					4A661AE71A742E1C0022CC69 = {
						CreatedOnToolsVersion = 6.2;
						TestTargetID = 4A661AD51A742E1B0022CC69;
					};
				};
			};
			buildConfigurationList = 4A661AD11A742E1B0022CC69 /* Build configuration list for PBXProject "TesseMac" */;
			compatibilityVersion = "Xcode 3.2";
			developmentRegion = English;
			hasScannedForEncodings = 0;
			knownRegions = (
				en,
				Base,
			);
			mainGroup = 4A661ACD1A742E1B0022CC69;
			productRefGroup = 4A661AD71A742E1B0022CC69 /* Products */;
			projectDirPath = "";
			projectRoot = "";
			targets = (
				4A661AD51A742E1B0022CC69 /* TesseMac */,
				4A661AE71A742E1C0022CC69 /* TesseMacTests */,
			);
		};
/* End PBXProject section */

/* Begin PBXResourcesBuildPhase section */
		4A661AD41A742E1B0022CC69 /* Resources */ = {
			isa = PBXResourcesBuildPhase;
			buildActionMask = 2147483647;
			files = (
				4A661AE01A742E1B0022CC69 /* Images.xcassets in Resources */,
				4A661AE31A742E1C0022CC69 /* Main.storyboard in Resources */,
			);
			runOnlyForDeploymentPostprocessing = 0;
		};
		4A661AE61A742E1C0022CC69 /* Resources */ = {
			isa = PBXResourcesBuildPhase;
			buildActionMask = 2147483647;
			files = (
			);
			runOnlyForDeploymentPostprocessing = 0;
		};
/* End PBXResourcesBuildPhase section */

/* Begin PBXSourcesBuildPhase section */
		4A661AD21A742E1B0022CC69 /* Sources */ = {
			isa = PBXSourcesBuildPhase;
			buildActionMask = 2147483647;
			files = (
				4A661ADE1A742E1B0022CC69 /* ViewController.swift in Sources */,
				4A661ADC1A742E1B0022CC69 /* AppDelegate.swift in Sources */,
			);
			runOnlyForDeploymentPostprocessing = 0;
		};
		4A661AE41A742E1C0022CC69 /* Sources */ = {
			isa = PBXSourcesBuildPhase;
			buildActionMask = 2147483647;
			files = (
				4A661AEF1A742E1C0022CC69 /* TesseMacTests.swift in Sources */,
			);
			runOnlyForDeploymentPostprocessing = 0;
		};
/* End PBXSourcesBuildPhase section */

/* Begin PBXTargetDependency section */
		4A661AEA1A742E1C0022CC69 /* PBXTargetDependency */ = {
			isa = PBXTargetDependency;
			target = 4A661AD51A742E1B0022CC69 /* TesseMac */;
			targetProxy = 4A661AE91A742E1C0022CC69 /* PBXContainerItemProxy */;
		};
/* End PBXTargetDependency section */

/* Begin PBXVariantGroup section */
		4A661AE11A742E1C0022CC69 /* Main.storyboard */ = {
			isa = PBXVariantGroup;
			children = (
				4A661AE21A742E1C0022CC69 /* Base */,
			);
			name = Main.storyboard;
			sourceTree = "<group>";
		};
/* End PBXVariantGroup section */

/* Begin XCBuildConfiguration section */
		4A661AF01A742E1C0022CC69 /* Debug */ = {
			isa = XCBuildConfiguration;
			buildSettings = {
				ALWAYS_SEARCH_USER_PATHS = NO;
				CLANG_CXX_LANGUAGE_STANDARD = "gnu++0x";
				CLANG_CXX_LIBRARY = "libc++";
				CLANG_ENABLE_MODULES = YES;
				CLANG_ENABLE_OBJC_ARC = YES;
				CLANG_WARN_BOOL_CONVERSION = YES;
				CLANG_WARN_CONSTANT_CONVERSION = YES;
				CLANG_WARN_DIRECT_OBJC_ISA_USAGE = YES_ERROR;
				CLANG_WARN_EMPTY_BODY = YES;
				CLANG_WARN_ENUM_CONVERSION = YES;
				CLANG_WARN_INT_CONVERSION = YES;
				CLANG_WARN_OBJC_ROOT_CLASS = YES_ERROR;
				CLANG_WARN_UNREACHABLE_CODE = YES;
				CLANG_WARN__DUPLICATE_METHOD_MATCH = YES;
				CODE_SIGN_IDENTITY = "-";
				COPY_PHASE_STRIP = NO;
				ENABLE_STRICT_OBJC_MSGSEND = YES;
				GCC_C_LANGUAGE_STANDARD = gnu99;
				GCC_DYNAMIC_NO_PIC = NO;
				GCC_OPTIMIZATION_LEVEL = 0;
				GCC_PREPROCESSOR_DEFINITIONS = (
					"DEBUG=1",
					"$(inherited)",
				);
				GCC_SYMBOLS_PRIVATE_EXTERN = NO;
				GCC_WARN_64_TO_32_BIT_CONVERSION = YES;
				GCC_WARN_ABOUT_RETURN_TYPE = YES_ERROR;
				GCC_WARN_UNDECLARED_SELECTOR = YES;
				GCC_WARN_UNINITIALIZED_AUTOS = YES_AGGRESSIVE;
				GCC_WARN_UNUSED_FUNCTION = YES;
				GCC_WARN_UNUSED_VARIABLE = YES;
				MACOSX_DEPLOYMENT_TARGET = 10.10;
				MTL_ENABLE_DEBUG_INFO = YES;
				ONLY_ACTIVE_ARCH = YES;
				SDKROOT = macosx;
				SWIFT_OPTIMIZATION_LEVEL = "-Onone";
			};
			name = Debug;
		};
		4A661AF11A742E1C0022CC69 /* Release */ = {
			isa = XCBuildConfiguration;
			buildSettings = {
				ALWAYS_SEARCH_USER_PATHS = NO;
				CLANG_CXX_LANGUAGE_STANDARD = "gnu++0x";
				CLANG_CXX_LIBRARY = "libc++";
				CLANG_ENABLE_MODULES = YES;
				CLANG_ENABLE_OBJC_ARC = YES;
				CLANG_WARN_BOOL_CONVERSION = YES;
				CLANG_WARN_CONSTANT_CONVERSION = YES;
				CLANG_WARN_DIRECT_OBJC_ISA_USAGE = YES_ERROR;
				CLANG_WARN_EMPTY_BODY = YES;
				CLANG_WARN_ENUM_CONVERSION = YES;
				CLANG_WARN_INT_CONVERSION = YES;
				CLANG_WARN_OBJC_ROOT_CLASS = YES_ERROR;
				CLANG_WARN_UNREACHABLE_CODE = YES;
				CLANG_WARN__DUPLICATE_METHOD_MATCH = YES;
				CODE_SIGN_IDENTITY = "-";
				COPY_PHASE_STRIP = NO;
				DEBUG_INFORMATION_FORMAT = "dwarf-with-dsym";
				ENABLE_NS_ASSERTIONS = NO;
				ENABLE_STRICT_OBJC_MSGSEND = YES;
				GCC_C_LANGUAGE_STANDARD = gnu99;
				GCC_WARN_64_TO_32_BIT_CONVERSION = YES;
				GCC_WARN_ABOUT_RETURN_TYPE = YES_ERROR;
				GCC_WARN_UNDECLARED_SELECTOR = YES;
				GCC_WARN_UNINITIALIZED_AUTOS = YES_AGGRESSIVE;
				GCC_WARN_UNUSED_FUNCTION = YES;
				GCC_WARN_UNUSED_VARIABLE = YES;
				MACOSX_DEPLOYMENT_TARGET = 10.10;
				MTL_ENABLE_DEBUG_INFO = NO;
				SDKROOT = macosx;
			};
			name = Release;
		};
		4A661AF31A742E1C0022CC69 /* Debug */ = {
			isa = XCBuildConfiguration;
			buildSettings = {
				ASSETCATALOG_COMPILER_APPICON_NAME = AppIcon;
				COMBINE_HIDPI_IMAGES = YES;
				INFOPLIST_FILE = TesseMac/Info.plist;
				LD_RUNPATH_SEARCH_PATHS = "$(inherited) @executable_path/../Frameworks";
				PRODUCT_NAME = "$(TARGET_NAME)";
			};
			name = Debug;
		};
		4A661AF41A742E1C0022CC69 /* Release */ = {
			isa = XCBuildConfiguration;
			buildSettings = {
				ASSETCATALOG_COMPILER_APPICON_NAME = AppIcon;
				COMBINE_HIDPI_IMAGES = YES;
				INFOPLIST_FILE = TesseMac/Info.plist;
				LD_RUNPATH_SEARCH_PATHS = "$(inherited) @executable_path/../Frameworks";
				PRODUCT_NAME = "$(TARGET_NAME)";
			};
			name = Release;
		};
		4A661AF61A742E1C0022CC69 /* Debug */ = {
			isa = XCBuildConfiguration;
			buildSettings = {
				BUNDLE_LOADER = "$(TEST_HOST)";
				COMBINE_HIDPI_IMAGES = YES;
				FRAMEWORK_SEARCH_PATHS = (
					"$(DEVELOPER_FRAMEWORKS_DIR)",
					"$(inherited)",
				);
				GCC_PREPROCESSOR_DEFINITIONS = (
					"DEBUG=1",
					"$(inherited)",
				);
				INFOPLIST_FILE = TesseMacTests/Info.plist;
				LD_RUNPATH_SEARCH_PATHS = "$(inherited) @executable_path/../Frameworks @loader_path/../Frameworks";
				PRODUCT_NAME = "$(TARGET_NAME)";
				TEST_HOST = "$(BUILT_PRODUCTS_DIR)/TesseMac.app/Contents/MacOS/TesseMac";
			};
			name = Debug;
		};
		4A661AF71A742E1C0022CC69 /* Release */ = {
			isa = XCBuildConfiguration;
			buildSettings = {
				BUNDLE_LOADER = "$(TEST_HOST)";
				COMBINE_HIDPI_IMAGES = YES;
				FRAMEWORK_SEARCH_PATHS = (
					"$(DEVELOPER_FRAMEWORKS_DIR)",
					"$(inherited)",
				);
				INFOPLIST_FILE = TesseMacTests/Info.plist;
				LD_RUNPATH_SEARCH_PATHS = "$(inherited) @executable_path/../Frameworks @loader_path/../Frameworks";
				PRODUCT_NAME = "$(TARGET_NAME)";
				TEST_HOST = "$(BUILT_PRODUCTS_DIR)/TesseMac.app/Contents/MacOS/TesseMac";
			};
			name = Release;
		};
/* End XCBuildConfiguration section */

/* Begin XCConfigurationList section */
		4A661AD11A742E1B0022CC69 /* Build configuration list for PBXProject "TesseMac" */ = {
			isa = XCConfigurationList;
			buildConfigurations = (
				4A661AF01A742E1C0022CC69 /* Debug */,
				4A661AF11A742E1C0022CC69 /* Release */,
			);
			defaultConfigurationIsVisible = 0;
			defaultConfigurationName = Release;
		};
		4A661AF21A742E1C0022CC69 /* Build configuration list for PBXNativeTarget "TesseMac" */ = {
			isa = XCConfigurationList;
			buildConfigurations = (
				4A661AF31A742E1C0022CC69 /* Debug */,
				4A661AF41A742E1C0022CC69 /* Release */,
			);
			defaultConfigurationIsVisible = 0;
		};
		4A661AF51A742E1C0022CC69 /* Build configuration list for PBXNativeTarget "TesseMacTests" */ = {
			isa = XCConfigurationList;
			buildConfigurations = (
				4A661AF61A742E1C0022CC69 /* Debug */,
				4A661AF71A742E1C0022CC69 /* Release */,
			);
			defaultConfigurationIsVisible = 0;
		};
/* End XCConfigurationList section */
	};
	rootObject = 4A661ACE1A742E1B0022CC69 /* Project object */;
}
